
Microsoft Visual Studio Solution File, Format Version 12.00
# Visual Studio 14
VisualStudioVersion = 14.0.25420.1
MinimumVisualStudioVersion = 10.0.40219.1
Project("{911E67C6-3D85-4FCE-B560-20A9C3E3FF48}") = "quickmake", "..\..\build\windows\quickmake.exe", "{CE9BBFC2-54D2-484D-BC5C-77EEB9C25B50}"
	ProjectSection(DebuggerProjectSystem) = preProject
		PortSupplier = 00000000-0000-0000-0000-000000000000
		Executable = C:\Users\erik.buchholz\Code\Personal\quickmake\build\windows\quickmake.exe
		RemoteMachine = ARK-WS032
		StartingDirectory = C:\Users\erik.buchholz\Code\Personal\quickmake\src\data
		Arguments = bui
		Environment = Default
		LaunchingEngine = 00000000-0000-0000-0000-000000000000
		UseLegacyDebugEngines = No
		LaunchSQLEngine = No
		AttachLaunchAction = No
	EndProjectSection
EndProject
Global
	GlobalSection(SolutionConfigurationPlatforms) = preSolution
		Release|x64 = Release|x64
	EndGlobalSection
	GlobalSection(ProjectConfigurationPlatforms) = postSolution
		{CE9BBFC2-54D2-484D-BC5C-77EEB9C25B50}.Release|x64.ActiveCfg = Release|x64
	EndGlobalSection
	GlobalSection(SolutionProperties) = preSolution
		HideSolutionNode = FALSE
	EndGlobalSection
	GlobalSection(ExtensibilityGlobals) = postSolution
		SolutionGuid = {1AFB121E-3D65-4FDC-8C98-1B146E0F9CDD}
	EndGlobalSection
EndGlobal
